
Microsoft Visual Studio Solution File, Format Version 12.00
Project("{FAE04EC0-301F-11D3-BF4B-00C04F79EFBC}") = "InterfacesDemoCSharp-49", "InterfacesDemoCSharp-49\InterfacesDemoCSharp-49.csproj", "{6C205A43-ED20-4FE2-A2E7-BD954FBA7376}"
EndProject
Global
	GlobalSection(SolutionConfigurationPlatforms) = preSolution
		Debug|Any CPU = Debug|Any CPU
		Release|Any CPU = Release|Any CPU
	EndGlobalSection
	GlobalSection(ProjectConfigurationPlatforms) = postSolution
		{6C205A43-ED20-4FE2-A2E7-BD954FBA7376}.Debug|Any CPU.ActiveCfg = Debug|Any CPU
		{6C205A43-ED20-4FE2-A2E7-BD954FBA7376}.Debug|Any CPU.Build.0 = Debug|Any CPU
		{6C205A43-ED20-4FE2-A2E7-BD954FBA7376}.Release|Any CPU.ActiveCfg = Release|Any CPU
		{6C205A43-ED20-4FE2-A2E7-BD954FBA7376}.Release|Any CPU.Build.0 = Release|Any CPU
	EndGlobalSection
EndGlobal
